<?xml version="1.0" encoding="UTF-8"?>
<Scheme LastUpgradeVersion="2600" version="1.3">
 <BuildAction parallelizeBuildables="YES" buildImplicitDependencies="YES"><BuildActionEntries><BuildActionEntry buildForTesting="YES" buildForRunning="YES" buildForProfiling="YES" buildForArchiving="YES" buildForAnalyzing="YES"><BuildableReference BuildableIdentifier="primary" BlueprintIdentifier="35E0C3735540602541AA3574" BuildableName="LightPlan.app" BlueprintName="LightPlan" ReferencedContainer="container:LightPlan.xcodeproj"/></BuildActionEntry></BuildActionEntries></BuildAction>
 <TestAction buildConfiguration="Debug" selectedDebuggerIdentifier="Xcode.DebuggerFoundation.Debugger.LLDB" selectedLauncherIdentifier="Xcode.DebuggerFoundation.Launcher.LLDB" shouldUseLaunchSchemeArgsEnv="YES"><Testables><TestableReference skipped="NO"><BuildableReference BuildableIdentifier="primary" BlueprintIdentifier="D6038C5531EE6A474DD5E259" BuildableName="LightPlanUITests.xctest" BlueprintName="LightPlanUITests" ReferencedContainer="container:LightPlan.xcodeproj"/></TestableReference></Testables></TestAction>
 <LaunchAction buildConfiguration="Debug" selectedDebuggerIdentifier="" selectedLauncherIdentifier="Xcode.IDEFoundation.Launcher.PosixSpawn" launchStyle="0" useCustomWorkingDirectory="NO" ignoresPersistentStateOnLaunch="NO" debugDocumentVersioning="YES" debugServiceExtension="internal" allowLocationSimulation="YES"><BuildableProductRunnable runnableDebuggingMode="0"><BuildableReference BuildableIdentifier="primary" BlueprintIdentifier="35E0C3735540602541AA3574" BuildableName="LightPlan.app" BlueprintName="LightPlan" ReferencedContainer="container:LightPlan.xcodeproj"/></BuildableProductRunnable></LaunchAction>
 <ProfileAction buildConfiguration="Release" shouldUseLaunchSchemeArgsEnv="YES" savedToolIdentifier="" useCustomWorkingDirectory="NO" debugDocumentVersioning="YES"><BuildableProductRunnable runnableDebuggingMode="0"><BuildableReference BuildableIdentifier="primary" BlueprintIdentifier="35E0C3735540602541AA3574" BuildableName="LightPlan.app" BlueprintName="LightPlan" ReferencedContainer="container:LightPlan.xcodeproj"/></BuildableProductRunnable></ProfileAction>
 <AnalyzeAction buildConfiguration="Debug"/><ArchiveAction buildConfiguration="Release" revealArchiveInOrganizer="YES"/>
</Scheme>
